# THIS IS AN AUTOGENERATED FILE. DO NOT EDIT THIS FILE DIRECTLY.
# yarn lockfile v1


"@esbuild/aix-ppc64@0.24.0":
  version "0.24.0"
  resolved "https://registry.yarnpkg.com/@esbuild/aix-ppc64/-/aix-ppc64-0.24.0.tgz#b57697945b50e99007b4c2521507dc613d4a648c"
  integrity sha512-WtKdFM7ls47zkKHFVzMz8opM7LkcsIp9amDUBIAWirg70RM71WRSjdILPsY5Uv1D42ZpUfaPILDlfactHgsRkw==

"@esbuild/android-arm64@0.24.0":
  version "0.24.0"
  resolved "https://registry.yarnpkg.com/@esbuild/android-arm64/-/android-arm64-0.24.0.tgz#1add7e0af67acefd556e407f8497e81fddad79c0"
  integrity sha512-Vsm497xFM7tTIPYK9bNTYJyF/lsP590Qc1WxJdlB6ljCbdZKU9SY8i7+Iin4kyhV/KV5J2rOKsBQbB77Ab7L/w==

"@esbuild/android-arm@0.24.0":
  version "0.24.0"
  resolved "https://registry.yarnpkg.com/@esbuild/android-arm/-/android-arm-0.24.0.tgz#ab7263045fa8e090833a8e3c393b60d59a789810"
  integrity sha512-arAtTPo76fJ/ICkXWetLCc9EwEHKaeya4vMrReVlEIUCAUncH7M4bhMQ+M9Vf+FFOZJdTNMXNBrWwW+OXWpSew==

"@esbuild/android-x64@0.24.0":
  version "0.24.0"
  resolved "https://registry.yarnpkg.com/@esbuild/android-x64/-/android-x64-0.24.0.tgz#e8f8b196cfdfdd5aeaebbdb0110983460440e705"
  integrity sha512-t8GrvnFkiIY7pa7mMgJd7p8p8qqYIz1NYiAoKc75Zyv73L3DZW++oYMSHPRarcotTKuSs6m3hTOa5CKHaS02TQ==

"@esbuild/darwin-arm64@0.24.0":
  version "0.24.0"
  resolved "https://registry.yarnpkg.com/@esbuild/darwin-arm64/-/darwin-arm64-0.24.0.tgz#2d0d9414f2acbffd2d86e98253914fca603a53dd"
  integrity sha512-CKyDpRbK1hXwv79soeTJNHb5EiG6ct3efd/FTPdzOWdbZZfGhpbcqIpiD0+vwmpu0wTIL97ZRPZu8vUt46nBSw==

"@esbuild/darwin-x64@0.24.0":
  version "0.24.0"
  resolved "https://registry.yarnpkg.com/@esbuild/darwin-x64/-/darwin-x64-0.24.0.tgz#33087aab31a1eb64c89daf3d2cf8ce1775656107"
  integrity sha512-rgtz6flkVkh58od4PwTRqxbKH9cOjaXCMZgWD905JOzjFKW+7EiUObfd/Kav+A6Gyud6WZk9w+xu6QLytdi2OA==

"@esbuild/freebsd-arm64@0.24.0":
  version "0.24.0"
  resolved "https://registry.yarnpkg.com/@esbuild/freebsd-arm64/-/freebsd-arm64-0.24.0.tgz#bb76e5ea9e97fa3c753472f19421075d3a33e8a7"
  integrity sha512-6Mtdq5nHggwfDNLAHkPlyLBpE5L6hwsuXZX8XNmHno9JuL2+bg2BX5tRkwjyfn6sKbxZTq68suOjgWqCicvPXA==

"@esbuild/freebsd-x64@0.24.0":
  version "0.24.0"
  resolved "https://registry.yarnpkg.com/@esbuild/freebsd-x64/-/freebsd-x64-0.24.0.tgz#e0e2ce9249fdf6ee29e5dc3d420c7007fa579b93"
  integrity sha512-D3H+xh3/zphoX8ck4S2RxKR6gHlHDXXzOf6f/9dbFt/NRBDIE33+cVa49Kil4WUjxMGW0ZIYBYtaGCa2+OsQwQ==

"@esbuild/linux-arm64@0.24.0":
  version "0.24.0"
  resolved "https://registry.yarnpkg.com/@esbuild/linux-arm64/-/linux-arm64-0.24.0.tgz#d1b2aa58085f73ecf45533c07c82d81235388e75"
  integrity sha512-TDijPXTOeE3eaMkRYpcy3LarIg13dS9wWHRdwYRnzlwlA370rNdZqbcp0WTyyV/k2zSxfko52+C7jU5F9Tfj1g==

"@esbuild/linux-arm@0.24.0":
  version "0.24.0"
  resolved "https://registry.yarnpkg.com/@esbuild/linux-arm/-/linux-arm-0.24.0.tgz#8e4915df8ea3e12b690a057e77a47b1d5935ef6d"
  integrity sha512-gJKIi2IjRo5G6Glxb8d3DzYXlxdEj2NlkixPsqePSZMhLudqPhtZ4BUrpIuTjJYXxvF9njql+vRjB2oaC9XpBw==

"@esbuild/linux-ia32@0.24.0":
  version "0.24.0"
  resolved "https://registry.yarnpkg.com/@esbuild/linux-ia32/-/linux-ia32-0.24.0.tgz#8200b1110666c39ab316572324b7af63d82013fb"
  integrity sha512-K40ip1LAcA0byL05TbCQ4yJ4swvnbzHscRmUilrmP9Am7//0UjPreh4lpYzvThT2Quw66MhjG//20mrufm40mA==

"@esbuild/linux-loong64@0.24.0":
  version "0.24.0"
  resolved "https://registry.yarnpkg.com/@esbuild/linux-loong64/-/linux-loong64-0.24.0.tgz#6ff0c99cf647504df321d0640f0d32e557da745c"
  integrity sha512-0mswrYP/9ai+CU0BzBfPMZ8RVm3RGAN/lmOMgW4aFUSOQBjA31UP8Mr6DDhWSuMwj7jaWOT0p0WoZ6jeHhrD7g==

"@esbuild/linux-mips64el@0.24.0":
  version "0.24.0"
  resolved "https://registry.yarnpkg.com/@esbuild/linux-mips64el/-/linux-mips64el-0.24.0.tgz#3f720ccd4d59bfeb4c2ce276a46b77ad380fa1f3"
  integrity sha512-hIKvXm0/3w/5+RDtCJeXqMZGkI2s4oMUGj3/jM0QzhgIASWrGO5/RlzAzm5nNh/awHE0A19h/CvHQe6FaBNrRA==

"@esbuild/linux-ppc64@0.24.0":
  version "0.24.0"
  resolved "https://registry.yarnpkg.com/@esbuild/linux-ppc64/-/linux-ppc64-0.24.0.tgz#9d6b188b15c25afd2e213474bf5f31e42e3aa09e"
  integrity sha512-HcZh5BNq0aC52UoocJxaKORfFODWXZxtBaaZNuN3PUX3MoDsChsZqopzi5UupRhPHSEHotoiptqikjN/B77mYQ==

"@esbuild/linux-riscv64@0.24.0":
  version "0.24.0"
  resolved "https://registry.yarnpkg.com/@esbuild/linux-riscv64/-/linux-riscv64-0.24.0.tgz#f989fdc9752dfda286c9cd87c46248e4dfecbc25"
  integrity sha512-bEh7dMn/h3QxeR2KTy1DUszQjUrIHPZKyO6aN1X4BCnhfYhuQqedHaa5MxSQA/06j3GpiIlFGSsy1c7Gf9padw==

"@esbuild/linux-s390x@0.24.0":
  version "0.24.0"
  resolved "https://registry.yarnpkg.com/@esbuild/linux-s390x/-/linux-s390x-0.24.0.tgz#29ebf87e4132ea659c1489fce63cd8509d1c7319"
  integrity sha512-ZcQ6+qRkw1UcZGPyrCiHHkmBaj9SiCD8Oqd556HldP+QlpUIe2Wgn3ehQGVoPOvZvtHm8HPx+bH20c9pvbkX3g==

"@esbuild/linux-x64@0.24.0":
  version "0.24.0"
  resolved "https://registry.yarnpkg.com/@esbuild/linux-x64/-/linux-x64-0.24.0.tgz#4af48c5c0479569b1f359ffbce22d15f261c0cef"
  integrity sha512-vbutsFqQ+foy3wSSbmjBXXIJ6PL3scghJoM8zCL142cGaZKAdCZHyf+Bpu/MmX9zT9Q0zFBVKb36Ma5Fzfa8xA==

"@esbuild/netbsd-x64@0.24.0":
  version "0.24.0"
  resolved "https://registry.yarnpkg.com/@esbuild/netbsd-x64/-/netbsd-x64-0.24.0.tgz#1ae73d23cc044a0ebd4f198334416fb26c31366c"
  integrity sha512-hjQ0R/ulkO8fCYFsG0FZoH+pWgTTDreqpqY7UnQntnaKv95uP5iW3+dChxnx7C3trQQU40S+OgWhUVwCjVFLvg==

"@esbuild/openbsd-arm64@0.24.0":
  version "0.24.0"
  resolved "https://registry.yarnpkg.com/@esbuild/openbsd-arm64/-/openbsd-arm64-0.24.0.tgz#5d904a4f5158c89859fd902c427f96d6a9e632e2"
  integrity sha512-MD9uzzkPQbYehwcN583yx3Tu5M8EIoTD+tUgKF982WYL9Pf5rKy9ltgD0eUgs8pvKnmizxjXZyLt0z6DC3rRXg==

"@esbuild/openbsd-x64@0.24.0":
  version "0.24.0"
  resolved "https://registry.yarnpkg.com/@esbuild/openbsd-x64/-/openbsd-x64-0.24.0.tgz#4c8aa88c49187c601bae2971e71c6dc5e0ad1cdf"
  integrity sha512-4ir0aY1NGUhIC1hdoCzr1+5b43mw99uNwVzhIq1OY3QcEwPDO3B7WNXBzaKY5Nsf1+N11i1eOfFcq+D/gOS15Q==

"@esbuild/sunos-x64@0.24.0":
  version "0.24.0"
  resolved "https://registry.yarnpkg.com/@esbuild/sunos-x64/-/sunos-x64-0.24.0.tgz#8ddc35a0ea38575fa44eda30a5ee01ae2fa54dd4"
  integrity sha512-jVzdzsbM5xrotH+W5f1s+JtUy1UWgjU0Cf4wMvffTB8m6wP5/kx0KiaLHlbJO+dMgtxKV8RQ/JvtlFcdZ1zCPA==

"@esbuild/win32-arm64@0.24.0":
  version "0.24.0"
  resolved "https://registry.yarnpkg.com/@esbuild/win32-arm64/-/win32-arm64-0.24.0.tgz#6e79c8543f282c4539db684a207ae0e174a9007b"
  integrity sha512-iKc8GAslzRpBytO2/aN3d2yb2z8XTVfNV0PjGlCxKo5SgWmNXx82I/Q3aG1tFfS+A2igVCY97TJ8tnYwpUWLCA==

"@esbuild/win32-ia32@0.24.0":
  version "0.24.0"
  resolved "https://registry.yarnpkg.com/@esbuild/win32-ia32/-/win32-ia32-0.24.0.tgz#057af345da256b7192d18b676a02e95d0fa39103"
  integrity sha512-vQW36KZolfIudCcTnaTpmLQ24Ha1RjygBo39/aLkM2kmjkWmZGEJ5Gn9l5/7tzXA42QGIoWbICfg6KLLkIw6yw==

"@esbuild/win32-x64@0.24.0":
  version "0.24.0"
  resolved "https://registry.yarnpkg.com/@esbuild/win32-x64/-/win32-x64-0.24.0.tgz#168ab1c7e1c318b922637fad8f339d48b01e1244"
  integrity sha512-7IAFPrjSQIJrGsK6flwg7NFmwBoSTyF3rl7If0hNUFQU4ilTsEPL6GuMuU9BfIWVVGuRnuIidkSMC+c0Otu8IA==

"@rollup/rollup-android-arm-eabi@4.29.0":
  version "4.29.0"
  resolved "https://registry.yarnpkg.com/@rollup/rollup-android-arm-eabi/-/rollup-android-arm-eabi-4.29.0.tgz#465773ea545b642fa786358a83fb6a26affb0396"
  integrity sha512-TnF0md3qWSRDlU96y9+0dd5RNrlXiQUp1K2pK1UpNmjeND+o9ts9Jxv3G6ntagkt8jVh0KAT1VYgU0nCz5gt2w==

"@rollup/rollup-android-arm64@4.29.0":
  version "4.29.0"
  resolved "https://registry.yarnpkg.com/@rollup/rollup-android-arm64/-/rollup-android-arm64-4.29.0.tgz#039ab290f7a11a49ec6d5e7cb3031554f3e78372"
  integrity sha512-L/7oX07eY6ACt2NXDrku1JIPdf9VGV/DI92EjAd8FRDzMMub5hXFpT1OegBqimJh9xy9Vv+nToaVtZp4Ku9SEA==

"@rollup/rollup-darwin-arm64@4.29.0":
  version "4.29.0"
  resolved "https://registry.yarnpkg.com/@rollup/rollup-darwin-arm64/-/rollup-darwin-arm64-4.29.0.tgz#35161632b695bfcc70ca2dbbe219e8e13b9627c8"
  integrity sha512-I1ZucWPVS96hjAsMSJiGosHTqMulMynrmTN+Xde5OsLcU5SjE0xylBmQ/DbB2psJ+HasINrJYz8HQpojtAw2eA==

"@rollup/rollup-darwin-x64@4.29.0":
  version "4.29.0"
  resolved "https://registry.yarnpkg.com/@rollup/rollup-darwin-x64/-/rollup-darwin-x64-4.29.0.tgz#6c79524ca9f0ad4ffccd364d652139dc159901cc"
  integrity sha512-CTZ+lHMsTbH1q/XLKzmnJWxl2r/1xdv7cnjwbi5v+95nVA1syikxWLvqur4nDoGDHjC8oNMBGurnQptpuFJHXA==

"@rollup/rollup-freebsd-arm64@4.29.0":
  version "4.29.0"
  resolved "https://registry.yarnpkg.com/@rollup/rollup-freebsd-arm64/-/rollup-freebsd-arm64-4.29.0.tgz#55386ff9e62a98e43c62bb6d79e582516dfcd9dd"
  integrity sha512-BB8+4OMzk2JiKL5+aK8A0pi9DPB5pkIBZWXr19+grdez9b0VKihvV432uSwuZLO0sI6zCyxak8NO3mZ1yjM1jA==

"@rollup/rollup-freebsd-x64@4.29.0":
  version "4.29.0"
  resolved "https://registry.yarnpkg.com/@rollup/rollup-freebsd-x64/-/rollup-freebsd-x64-4.29.0.tgz#4c7085a8e478184c44f3698cd7df072ff3751356"
  integrity sha512-Udz9Uh26uEE6phGMG2++TfpsLK/z4cYJqrIOyVhig/PMoWiZLghpjZUQvsAylsoztbpg0/QmplkDAyyVq0x6Jg==

"@rollup/rollup-linux-arm-gnueabihf@4.29.0":
  version "4.29.0"
  resolved "https://registry.yarnpkg.com/@rollup/rollup-linux-arm-gnueabihf/-/rollup-linux-arm-gnueabihf-4.29.0.tgz#6d6e76da28a91a066bbe8af41e21ba0c61b42afd"
  integrity sha512-IPSCTzP8GRYzY+siSnggIKrckC2U+kVXoen6eSHRDgU9a4EZCHHWWOiKio1EkieOOk2j6EvZaaHfQUCmt8UJBg==

"@rollup/rollup-linux-arm-musleabihf@4.29.0":
  version "4.29.0"
  resolved "https://registry.yarnpkg.com/@rollup/rollup-linux-arm-musleabihf/-/rollup-linux-arm-musleabihf-4.29.0.tgz#46fb4fc9fac23ce430ed9954e001c2b943706370"
  integrity sha512-GvHPu0UIDx+ohyS8vTYnwoSVMM5BH3NO+JwQs6GWNCuQVlC5rKxnH2WClTGu3NxiIfhKLai08IKUwn3QbzX1UQ==

"@rollup/rollup-linux-arm64-gnu@4.29.0":
  version "4.29.0"
  resolved "https://registry.yarnpkg.com/@rollup/rollup-linux-arm64-gnu/-/rollup-linux-arm64-gnu-4.29.0.tgz#bd9c6750fc62c9a27bfd1b0ed443f46330a086a6"
  integrity sha512-Pnnn/2CAZWcH9GQoj1nnr85Ejh7aNDe5MsEV0xhuFNUPF0SdnutJ7b2muOI5Kx12T0/i2ol5B/tlhMviZQDL3g==

"@rollup/rollup-linux-arm64-musl@4.29.0":
  version "4.29.0"
  resolved "https://registry.yarnpkg.com/@rollup/rollup-linux-arm64-musl/-/rollup-linux-arm64-musl-4.29.0.tgz#9b64d8b8678fd1c409ddc22035719fc51376ac3d"
  integrity sha512-AP+DLj4q9FT22ZL43ssA3gizEn7/MfJcZ1BOuyEPqoriuH3a8VRuDddN0MtpUwEtiZL6jc1GY5/eL99hkloQ1Q==

"@rollup/rollup-linux-loongarch64-gnu@4.29.0":
  version "4.29.0"
  resolved "https://registry.yarnpkg.com/@rollup/rollup-linux-loongarch64-gnu/-/rollup-linux-loongarch64-gnu-4.29.0.tgz#cfc1d1ce10f5d709364ad2f33ba57fbfb06e9a0a"
  integrity sha512-1+jPFClHmDATqbk0Cwi74KEOymVcs09Vbqe/CTKqLwCP0TeP2CACfnMnjYBs5CJgO20e/4bxFtmbR/9fKE1gug==

"@rollup/rollup-linux-powerpc64le-gnu@4.29.0":
  version "4.29.0"
  resolved "https://registry.yarnpkg.com/@rollup/rollup-linux-powerpc64le-gnu/-/rollup-linux-powerpc64le-gnu-4.29.0.tgz#b405bcc1d19247fa20c896f89f7e0255f959adae"
  integrity sha512-Nmt5Us5w2dL8eh7QVyAIDVVwBv4wk8ljrBQe7lWkLaOcwABDaFQ3K4sAAC6IsOdJwaXXW+d85zVaMN+Xl8Co2w==

"@rollup/rollup-linux-riscv64-gnu@4.29.0":
  version "4.29.0"
  resolved "https://registry.yarnpkg.com/@rollup/rollup-linux-riscv64-gnu/-/rollup-linux-riscv64-gnu-4.29.0.tgz#47ee954365e37dc9fda91b101aa4a29f20ee3b13"
  integrity sha512-KGuQ8WGhnq09LR7eOru7P9jfBSYXTMhq6TyavWfmEo+TxvkvuRwOCee5lPIa6HYjblOuFr4GeOxSE0c8iyw2Fg==

"@rollup/rollup-linux-s390x-gnu@4.29.0":
  version "4.29.0"
  resolved "https://registry.yarnpkg.com/@rollup/rollup-linux-s390x-gnu/-/rollup-linux-s390x-gnu-4.29.0.tgz#d998c75636cfd419d87ad13bbd775a80a6059f5f"
  integrity sha512-lSQtvrYIONme7a4gbf4O9d3zbZat3/5covIeoqk27ZIkTgBeL/67x+wq2bZfpLjkqQQp5SjBPQ/n0sg8iArzTg==

"@rollup/rollup-linux-x64-gnu@4.29.0":
  version "4.29.0"
  resolved "https://registry.yarnpkg.com/@rollup/rollup-linux-x64-gnu/-/rollup-linux-x64-gnu-4.29.0.tgz#bff4d366993747af0a17a6488bb295885e32275f"
  integrity sha512-qh0ussrXBwnF4L07M9t1+jpHRhiGSae+wpNQDbmlXHXciT7pqpZ5zpk4dyGZPtDGB2l2clDiufE16BufXPGRWQ==

"@rollup/rollup-linux-x64-musl@4.29.0":
  version "4.29.0"
  resolved "https://registry.yarnpkg.com/@rollup/rollup-linux-x64-musl/-/rollup-linux-x64-musl-4.29.0.tgz#4399c9230817e44638cf16dbe0f1d9ac7b02b9a0"
  integrity sha512-YEABzSaRS7+v14yw6MVBZoMqLoUyTX1/sJoGeC0euvgMrzvw0i+jHo4keDZgYeOblfwdseVAf6ylxWSvcBAKTA==

"@rollup/rollup-win32-arm64-msvc@4.29.0":
  version "4.29.0"
  resolved "https://registry.yarnpkg.com/@rollup/rollup-win32-arm64-msvc/-/rollup-win32-arm64-msvc-4.29.0.tgz#d7b388fc20d421db007e3078b934f3a40d8c75c5"
  integrity sha512-jA4+oxG7QTTtSQxwSHzFVwShcppHO2DpkbAM59pfD5WMG/da79yQaeBtXAfGTI+ciUx8hqK3RF3H2KWByITXtQ==

"@rollup/rollup-win32-ia32-msvc@4.29.0":
  version "4.29.0"
  resolved "https://registry.yarnpkg.com/@rollup/rollup-win32-ia32-msvc/-/rollup-win32-ia32-msvc-4.29.0.tgz#44f326ccac35b71a34060dc8df81114bce4c22bb"
  integrity sha512-4TQbLoAQVu9uE+cvh47JnjRZylXVdRCoOkRSVF2Rr2T0U1YwphGRjR0sHyRPEt95y3ETT4YFTTzQPq1O4bcjmw==

"@rollup/rollup-win32-x64-msvc@4.29.0":
  version "4.29.0"
  resolved "https://registry.yarnpkg.com/@rollup/rollup-win32-x64-msvc/-/rollup-win32-x64-msvc-4.29.0.tgz#1a26eaed53130817e48efca7d1806150e16d2448"
  integrity sha512-GsFvcTZ7Yj9k94Qm0qgav7pxmQ7lQDR9NjoelRaxeV1UF6JSDfanR/2tHZ8hS7Ps4KPIVf5AElYPRPmN/Q0ZkQ==

"@tauri-apps/api@2.0.3", "@tauri-apps/api@^2.0.0", "@tauri-apps/api@^2.0.0-beta.16":
  version "2.0.3"
  resolved "https://registry.yarnpkg.com/@tauri-apps/api/-/api-2.0.3.tgz#a5cce324373e56d12a43ca2f6a8d730c04e92f80"
  integrity sha512-840qk6n8rbXBXMA5/aAgTYsg5JAubKO0nXw5wf7IzGnUuYKGbB4oFBIZtXOIWy+E0kNTDI3qhq5iqsoMJfwp8g==

"@tauri-apps/cli-darwin-arm64@2.0.4":
  version "2.0.4"
  resolved "https://registry.yarnpkg.com/@tauri-apps/cli-darwin-arm64/-/cli-darwin-arm64-2.0.4.tgz#d6bf266f53f4839aa0977e9f252b66086e803313"
  integrity sha512-siH7rOHobb16rPbc11k64p1mxIpiRCkWmzs2qmL5IX21Gx9K5onI3Tk67Oqpf2uNupbYzItrOttaDT4NHFC7tw==

"@tauri-apps/cli-darwin-x64@2.0.4":
  version "2.0.4"
  resolved "https://registry.yarnpkg.com/@tauri-apps/cli-darwin-x64/-/cli-darwin-x64-2.0.4.tgz#726d8b8bb93a9372a06364e251522362ed2b2e7f"
  integrity sha512-zIccfbCoZMfmUpnk6PFCV0keFyfVj1A9XV3Oiiitj/dkTZ9CQvzjhX3XC0XcK4rsTWegfr2PjSrK06aiPAROAw==

"@tauri-apps/cli-linux-arm-gnueabihf@2.0.4":
  version "2.0.4"
  resolved "https://registry.yarnpkg.com/@tauri-apps/cli-linux-arm-gnueabihf/-/cli-linux-arm-gnueabihf-2.0.4.tgz#c0582621009292d0adff9f3c1431305b5e0dbb5a"
  integrity sha512-fgQqJzefOGWCBNg4yrVA82Rg4s1XQr5K0dc2rCxBhJfa696e8dQ1LDrnWq/AiO5r+uHfVaoQTIUvxxpFicYRSA==

"@tauri-apps/cli-linux-arm64-gnu@2.0.4":
  version "2.0.4"
  resolved "https://registry.yarnpkg.com/@tauri-apps/cli-linux-arm64-gnu/-/cli-linux-arm64-gnu-2.0.4.tgz#61328563ca192744210fc57a62f4b72434ed92fa"
  integrity sha512-u8wbt5tPA9pI6j+d7jGrfOz9UVCiTp+IYzKNiIqlrDsAjqAUFaNXYHKqOUboeFWEmI4zoCWj6LgpS2OJTQ5FKg==

"@tauri-apps/cli-linux-arm64-musl@2.0.4":
  version "2.0.4"
  resolved "https://registry.yarnpkg.com/@tauri-apps/cli-linux-arm64-musl/-/cli-linux-arm64-musl-2.0.4.tgz#5f249d9c992d2188ff4389652c3bf2eab4eb9ccc"
  integrity sha512-hntF1V8e3V1hlrESm93PsghDhf3lA5pbvFrRfYxU1c+fVD/jRXGVw8BH3O1lW8MWwhEg1YdhKk01oAgsuHLuig==

"@tauri-apps/cli-linux-x64-gnu@2.0.4":
  version "2.0.4"
  resolved "https://registry.yarnpkg.com/@tauri-apps/cli-linux-x64-gnu/-/cli-linux-x64-gnu-2.0.4.tgz#571d2dba5fd0af7c11b1ef54967b479fb0367eab"
  integrity sha512-Iq1GGJb+oT1T0ZV8izrgf0cBtlzPCJaWcNueRbf1ZXquMf+FSTyQv+/Lo8rq5T6buOIJOH7cAOTuEWWqiCZteg==

"@tauri-apps/cli-linux-x64-musl@2.0.4":
  version "2.0.4"
  resolved "https://registry.yarnpkg.com/@tauri-apps/cli-linux-x64-musl/-/cli-linux-x64-musl-2.0.4.tgz#9307e796e1e1f35a7b2d11e3d31d96bdb97232cd"
  integrity sha512-9NTk6Pf0bSwXqCBdAA+PDYts9HeHebZzIo8mbRzRyUbER6QngG5HZb9Ka36Z1QWtJjdRy6uxSb4zb/9NuTeHfA==

"@tauri-apps/cli-win32-arm64-msvc@2.0.4":
  version "2.0.4"
  resolved "https://registry.yarnpkg.com/@tauri-apps/cli-win32-arm64-msvc/-/cli-win32-arm64-msvc-2.0.4.tgz#19d580d91303b0b8cf034ce3799e99c16ed3d02a"
  integrity sha512-OF2e9oxiBFR8A8wVMOhUx9QGN/I1ZkquWC7gVQBnA56nx9PabJlDT08QBy5UD8USqZFVznnfNr2ehlheQahb3g==

"@tauri-apps/cli-win32-ia32-msvc@2.0.4":
  version "2.0.4"
  resolved "https://registry.yarnpkg.com/@tauri-apps/cli-win32-ia32-msvc/-/cli-win32-ia32-msvc-2.0.4.tgz#02d7eb635a4b676c034a4b134b78942ac1a41a23"
  integrity sha512-T+hCKB3rFP6q0saHHtR02hm6wr1ZPJ0Mkii3oRTxjPG6BBXoVzHNCYzvdgEGJPTA2sFuAQtJH764NRtNlDMifw==

"@tauri-apps/cli-win32-x64-msvc@2.0.4":
  version "2.0.4"
  resolved "https://registry.yarnpkg.com/@tauri-apps/cli-win32-x64-msvc/-/cli-win32-x64-msvc-2.0.4.tgz#3d686b6967aae7752c8f547de36f1bd96147236c"
  integrity sha512-GVaiI3KWRFLomjJmApHqihhYlkJ+7FqhumhVfBO6Z2tWzZjQyVQgTdNp0kYEuW2WoAYEj0dKY6qd4YM33xYcUA==

"@tauri-apps/cli@2.0.4":
  version "2.0.4"
  resolved "https://registry.yarnpkg.com/@tauri-apps/cli/-/cli-2.0.4.tgz#4a76e5903fd556d05585b385f98165baf33114ea"
  integrity sha512-Hl9eFXz+O366+6su9PfaSzu2EJdFe1p8K8ghkWmi40dz8VmSE7vsMTaOStD0I71ckSOkh2ICDX7FQTBgjlpjWw==
  optionalDependencies:
    "@tauri-apps/cli-darwin-arm64" "2.0.4"
    "@tauri-apps/cli-darwin-x64" "2.0.4"
    "@tauri-apps/cli-linux-arm-gnueabihf" "2.0.4"
    "@tauri-apps/cli-linux-arm64-gnu" "2.0.4"
    "@tauri-apps/cli-linux-arm64-musl" "2.0.4"
    "@tauri-apps/cli-linux-x64-gnu" "2.0.4"
    "@tauri-apps/cli-linux-x64-musl" "2.0.4"
    "@tauri-apps/cli-win32-arm64-msvc" "2.0.4"
    "@tauri-apps/cli-win32-ia32-msvc" "2.0.4"
    "@tauri-apps/cli-win32-x64-msvc" "2.0.4"

"@tauri-apps/plugin-autostart@2.0.0":
  version "2.0.0"
  resolved "https://registry.yarnpkg.com/@tauri-apps/plugin-autostart/-/plugin-autostart-2.0.0.tgz#c0f1de75a37bdbf76e75e2d9f0a592c8b2beba63"
  integrity sha512-NEwOQWVasZ8RczXkMLNJokRDujneuMH/UFA5t84DLkbNZUmiD3G7HZWhgSd1YQ0BFU9h9w+h2B/py3y6bzWg4Q==
  dependencies:
    "@tauri-apps/api" "^2.0.0"

"@tauri-apps/plugin-clipboard-manager@2.1.0-beta.6":
  version "2.1.0-beta.6"
  resolved "https://registry.npmjs.org/@tauri-apps/plugin-clipboard-manager/-/plugin-clipboard-manager-2.1.0-beta.6.tgz"
  integrity sha512-MBuoVXPcq1yab4z6DGx7D44ntvr21taoozJnf1IHeXg864MnlCPeZj6fuDm+vF2o+3ac2sSZDZmo6PvrkLC8lQ==
  dependencies:
    "@tauri-apps/api" "^2.0.0-beta.16"

"@tauri-apps/plugin-shell@2.0.1":
  version "2.0.1"
  resolved "https://registry.yarnpkg.com/@tauri-apps/plugin-shell/-/plugin-shell-2.0.1.tgz#db3ea23e2b34b98ad89e283a87e3e7f7e557f655"
  integrity sha512-akU1b77sw3qHiynrK0s930y8zKmcdrSD60htjH+mFZqv5WaakZA/XxHR3/sF1nNv9Mgmt/Shls37HwnOr00aSw==
  dependencies:
    "@tauri-apps/api" "^2.0.0"

"@types/estree@1.0.6":
  version "1.0.6"
  resolved "https://registry.yarnpkg.com/@types/estree/-/estree-1.0.6.tgz#628effeeae2064a1b4e79f78e81d87b7e5fc7b50"
  integrity sha512-AYnb1nQyY49te+VRAVgmzfcgjYS91mY5P0TKUDCLEM+gNnA+3T6rWITXRLYCpahpqSQbN5cE+gHpnPyXjHWxcw==

esbuild@0.24.0:
  version "0.24.0"
  resolved "https://registry.yarnpkg.com/esbuild/-/esbuild-0.24.0.tgz#f2d470596885fcb2e91c21eb3da3b3c89c0b55e7"
  integrity sha512-FuLPevChGDshgSicjisSooU0cemp/sGXR841D5LHMB7mTVOmsEHcAxaH3irL53+8YDIeVNQEySh4DaYU/iuPqQ==
  optionalDependencies:
    "@esbuild/aix-ppc64" "0.24.0"
    "@esbuild/android-arm" "0.24.0"
    "@esbuild/android-arm64" "0.24.0"
    "@esbuild/android-x64" "0.24.0"
    "@esbuild/darwin-arm64" "0.24.0"
    "@esbuild/darwin-x64" "0.24.0"
    "@esbuild/freebsd-arm64" "0.24.0"
    "@esbuild/freebsd-x64" "0.24.0"
    "@esbuild/linux-arm" "0.24.0"
    "@esbuild/linux-arm64" "0.24.0"
    "@esbuild/linux-ia32" "0.24.0"
    "@esbuild/linux-loong64" "0.24.0"
    "@esbuild/linux-mips64el" "0.24.0"
    "@esbuild/linux-ppc64" "0.24.0"
    "@esbuild/linux-riscv64" "0.24.0"
    "@esbuild/linux-s390x" "0.24.0"
    "@esbuild/linux-x64" "0.24.0"
    "@esbuild/netbsd-x64" "0.24.0"
    "@esbuild/openbsd-arm64" "0.24.0"
    "@esbuild/openbsd-x64" "0.24.0"
    "@esbuild/sunos-x64" "0.24.0"
    "@esbuild/win32-arm64" "0.24.0"
    "@esbuild/win32-ia32" "0.24.0"
    "@esbuild/win32-x64" "0.24.0"

fsevents@~2.3.2, fsevents@~2.3.3:
  version "2.3.3"
  resolved "https://registry.npmjs.org/fsevents/-/fsevents-2.3.3.tgz"
  integrity sha512-5xoDfX+fL7faATnagmWPpbFtwh/R77WmMMqqHGS65C3vvB0YHrgF+B1YmZ3441tMj5n63k0212XNoJwzlhffQw==

nanoid@^3.3.7:
  version "3.3.7"
  resolved "https://registry.npmjs.org/nanoid/-/nanoid-3.3.7.tgz"
  integrity sha512-eSRppjcPIatRIMC1U6UngP8XFcz8MQWGQdt1MTBQ7NaAmvXDfvNxbvWV3x2y6CdEUciCSsDHDQZbhYaB8QEo2g==

picocolors@^1.1.1:
  version "1.1.1"
  resolved "https://registry.yarnpkg.com/picocolors/-/picocolors-1.1.1.tgz#3d321af3eab939b083c8f929a1d12cda81c26b6b"
  integrity sha512-xceH2snhtb5M9liqDsmEw56le376mTZkEX/jEb/RxNFyegNul7eNslCXP9FDj/Lcu0X8KEyMceP2ntpaHrDEVA==

postcss@^8.4.49:
  version "8.4.49"
  resolved "https://registry.yarnpkg.com/postcss/-/postcss-8.4.49.tgz#4ea479048ab059ab3ae61d082190fabfd994fe19"
  integrity sha512-OCVPnIObs4N29kxTjzLfUryOkvZEq+pf8jTF0lg8E7uETuWHA+v7j3c/xJmiqpX450191LlmZfUKkXxkTry7nA==
  dependencies:
    nanoid "^3.3.7"
    picocolors "^1.1.1"
    source-map-js "^1.2.1"

rollup@^4.23.0:
  version "4.29.0"
  resolved "https://registry.yarnpkg.com/rollup/-/rollup-4.29.0.tgz#0b0d61efe07970d0a16bf455720c1c595320c736"
  integrity sha512-pdftUn12oB9Qlka+Vpyc39R28D4NsP9Sz6neepSrekofJmWzPD1sxcSO9hEOxFF8+7Kz3sHvwSkkRREI28M1/w==
  dependencies:
    "@types/estree" "1.0.6"
  optionalDependencies:
    "@rollup/rollup-android-arm-eabi" "4.29.0"
    "@rollup/rollup-android-arm64" "4.29.0"
    "@rollup/rollup-darwin-arm64" "4.29.0"
    "@rollup/rollup-darwin-x64" "4.29.0"
    "@rollup/rollup-freebsd-arm64" "4.29.0"
    "@rollup/rollup-freebsd-x64" "4.29.0"
    "@rollup/rollup-linux-arm-gnueabihf" "4.29.0"
    "@rollup/rollup-linux-arm-musleabihf" "4.29.0"
    "@rollup/rollup-linux-arm64-gnu" "4.29.0"
    "@rollup/rollup-linux-arm64-musl" "4.29.0"
    "@rollup/rollup-linux-loongarch64-gnu" "4.29.0"
    "@rollup/rollup-linux-powerpc64le-gnu" "4.29.0"
    "@rollup/rollup-linux-riscv64-gnu" "4.29.0"
    "@rollup/rollup-linux-s390x-gnu" "4.29.0"
    "@rollup/rollup-linux-x64-gnu" "4.29.0"
    "@rollup/rollup-linux-x64-musl" "4.29.0"
    "@rollup/rollup-win32-arm64-msvc" "4.29.0"
    "@rollup/rollup-win32-ia32-msvc" "4.29.0"
    "@rollup/rollup-win32-x64-msvc" "4.29.0"
    fsevents "~2.3.2"

source-map-js@^1.2.1:
  version "1.2.1"
  resolved "https://registry.yarnpkg.com/source-map-js/-/source-map-js-1.2.1.tgz#1ce5650fddd87abc099eda37dcff024c2667ae46"
  integrity sha512-UXWMKhLOwVKb728IUtQPXxfYU+usdybtUrK/8uGE8CQMvrhOpwvzDBwj0QhSL7MQc7vIsISBG8VQ8+IDQxpfQA==

typescript@5.6.3:
  version "5.6.3"
  resolved "https://registry.yarnpkg.com/typescript/-/typescript-5.6.3.tgz#5f3449e31c9d94febb17de03cc081dd56d81db5b"
  integrity sha512-hjcS1mhfuyi4WW8IWtjP7brDrG2cuDZukyrYrSauoXGNgx0S7zceP07adYkJycEr56BOUTNPzbInooiN3fn1qw==

vite@6.0.5:
  version "6.0.5"
  resolved "https://registry.yarnpkg.com/vite/-/vite-6.0.5.tgz#1d0fbdb3ffe61e944089abeddb7d2c509420acfd"
  integrity sha512-akD5IAH/ID5imgue2DYhzsEwCi0/4VKY31uhMLEYJwPP4TiUp8pL5PIK+Wo7H8qT8JY9i+pVfPydcFPYD1EL7g==
  dependencies:
    esbuild "0.24.0"
    postcss "^8.4.49"
    rollup "^4.23.0"
  optionalDependencies:
    fsevents "~2.3.3"
